
Microsoft Visual Studio Solution File, Format Version 12.00
# Visual Studio Version 17
VisualStudioVersion = 17.8.34601.278
MinimumVisualStudioVersion = 10.0.40219.1
Project("{2150E333-8FDC-42A3-9474-1A3956D46DE8}") = "src", "src", "{B86139A0-787B-4BEE-8E6D-7D55B1D9A8A4}"
EndProject
Project("{2150E333-8FDC-42A3-9474-1A3956D46DE8}") = "corePackages", "corePackages", "{648E4117-70DA-4BF8-B997-65A52D17F042}"
EndProject
Project("{2150E333-8FDC-42A3-9474-1A3956D46DE8}") = "rentACar", "rentACar", "{C9C4981D-40D5-44FA-A22E-8FEB3DC42145}"
EndProject
Project("{9A19103F-16F7-4668-BE54-9A1E7A4F7556}") = "Application", "Application\Application.csproj", "{63E67CC2-3BE4-4629-8566-5EDF3DDB3CE1}"
EndProject
Project("{9A19103F-16F7-4668-BE54-9A1E7A4F7556}") = "Domain", "Domain\Domain.csproj", "{045E6259-515D-4FED-9A83-344A80C8F528}"
EndProject
Project("{9A19103F-16F7-4668-BE54-9A1E7A4F7556}") = "Infrastructure", "Infrastructure\Infrastructure.csproj", "{CC5ED624-FD74-4435-98AD-79DDDC8370F9}"
EndProject
Project("{9A19103F-16F7-4668-BE54-9A1E7A4F7556}") = "WebAPI", "WebAPI\WebAPI.csproj", "{A50943E1-C64F-4F4A-BB78-EA0C39620218}"
EndProject
Project("{9A19103F-16F7-4668-BE54-9A1E7A4F7556}") = "Persistence", "Persistence\Persistence.csproj", "{294E2435-E8F3-4F76-931F-681672B0BDC1}"
EndProject
Project("{9A19103F-16F7-4668-BE54-9A1E7A4F7556}") = "Core.Application", "..\corePackages\Core.Application\Core.Application.csproj", "{5CFE8BF0-B771-4046-8C21-9C4F366197E5}"
EndProject
Project("{9A19103F-16F7-4668-BE54-9A1E7A4F7556}") = "Core.CrossCuttingConcerns", "..\corePackages\Core.CrossCuttingConcers\Core.CrossCuttingConcerns.csproj", "{072BA35D-4C74-4D88-A449-DD9849C619A0}"
EndProject
Project("{9A19103F-16F7-4668-BE54-9A1E7A4F7556}") = "Core.ElasticSearch", "..\corePackages\Core.ElasticSearch\Core.ElasticSearch.csproj", "{783307B9-5243-4DD2-A2C6-5F57F6F2083E}"
EndProject
Project("{9A19103F-16F7-4668-BE54-9A1E7A4F7556}") = "Core.Mailing", "..\corePackages\Core.Mailing\Core.Mailing.csproj", "{F0937293-2152-462C-8782-425EEE4270F8}"
EndProject
Project("{9A19103F-16F7-4668-BE54-9A1E7A4F7556}") = "Core.Persistence", "..\corePackages\Core.Persistence\Core.Persistence.csproj", "{1253F7B2-F8EA-42ED-B75D-0DCE336B7FDA}"
EndProject
Project("{9A19103F-16F7-4668-BE54-9A1E7A4F7556}") = "Core.Security", "..\corePackages\Core.Security\Core.Security.csproj", "{9483874A-FEE3-4261-8CCA-6E2776098D52}"
EndProject
Global
	GlobalSection(SolutionConfigurationPlatforms) = preSolution
		Debug|Any CPU = Debug|Any CPU
		Release|Any CPU = Release|Any CPU
	EndGlobalSection
	GlobalSection(ProjectConfigurationPlatforms) = postSolution
		{63E67CC2-3BE4-4629-8566-5EDF3DDB3CE1}.Debug|Any CPU.ActiveCfg = Debug|Any CPU
		{63E67CC2-3BE4-4629-8566-5EDF3DDB3CE1}.Debug|Any CPU.Build.0 = Debug|Any CPU
		{63E67CC2-3BE4-4629-8566-5EDF3DDB3CE1}.Release|Any CPU.ActiveCfg = Release|Any CPU
		{63E67CC2-3BE4-4629-8566-5EDF3DDB3CE1}.Release|Any CPU.Build.0 = Release|Any CPU
		{045E6259-515D-4FED-9A83-344A80C8F528}.Debug|Any CPU.ActiveCfg = Debug|Any CPU
		{045E6259-515D-4FED-9A83-344A80C8F528}.Debug|Any CPU.Build.0 = Debug|Any CPU
		{045E6259-515D-4FED-9A83-344A80C8F528}.Release|Any CPU.ActiveCfg = Release|Any CPU
		{045E6259-515D-4FED-9A83-344A80C8F528}.Release|Any CPU.Build.0 = Release|Any CPU
		{CC5ED624-FD74-4435-98AD-79DDDC8370F9}.Debug|Any CPU.ActiveCfg = Debug|Any CPU
		{CC5ED624-FD74-4435-98AD-79DDDC8370F9}.Debug|Any CPU.Build.0 = Debug|Any CPU
		{CC5ED624-FD74-4435-98AD-79DDDC8370F9}.Release|Any CPU.ActiveCfg = Release|Any CPU
		{CC5ED624-FD74-4435-98AD-79DDDC8370F9}.Release|Any CPU.Build.0 = Release|Any CPU
		{A50943E1-C64F-4F4A-BB78-EA0C39620218}.Debug|Any CPU.ActiveCfg = Debug|Any CPU
		{A50943E1-C64F-4F4A-BB78-EA0C39620218}.Debug|Any CPU.Build.0 = Debug|Any CPU
		{A50943E1-C64F-4F4A-BB78-EA0C39620218}.Release|Any CPU.ActiveCfg = Release|Any CPU
		{A50943E1-C64F-4F4A-BB78-EA0C39620218}.Release|Any CPU.Build.0 = Release|Any CPU
		{294E2435-E8F3-4F76-931F-681672B0BDC1}.Debug|Any CPU.ActiveCfg = Debug|Any CPU
		{294E2435-E8F3-4F76-931F-681672B0BDC1}.Debug|Any CPU.Build.0 = Debug|Any CPU
		{294E2435-E8F3-4F76-931F-681672B0BDC1}.Release|Any CPU.ActiveCfg = Release|Any CPU
		{294E2435-E8F3-4F76-931F-681672B0BDC1}.Release|Any CPU.Build.0 = Release|Any CPU
		{5CFE8BF0-B771-4046-8C21-9C4F366197E5}.Debug|Any CPU.ActiveCfg = Debug|Any CPU
		{5CFE8BF0-B771-4046-8C21-9C4F366197E5}.Debug|Any CPU.Build.0 = Debug|Any CPU
		{5CFE8BF0-B771-4046-8C21-9C4F366197E5}.Release|Any CPU.ActiveCfg = Release|Any CPU
		{5CFE8BF0-B771-4046-8C21-9C4F366197E5}.Release|Any CPU.Build.0 = Release|Any CPU
		{072BA35D-4C74-4D88-A449-DD9849C619A0}.Debug|Any CPU.ActiveCfg = Debug|Any CPU
		{072BA35D-4C74-4D88-A449-DD9849C619A0}.Debug|Any CPU.Build.0 = Debug|Any CPU
		{072BA35D-4C74-4D88-A449-DD9849C619A0}.Release|Any CPU.ActiveCfg = Release|Any CPU
		{072BA35D-4C74-4D88-A449-DD9849C619A0}.Release|Any CPU.Build.0 = Release|Any CPU
		{783307B9-5243-4DD2-A2C6-5F57F6F2083E}.Debug|Any CPU.ActiveCfg = Debug|Any CPU
		{783307B9-5243-4DD2-A2C6-5F57F6F2083E}.Debug|Any CPU.Build.0 = Debug|Any CPU
		{783307B9-5243-4DD2-A2C6-5F57F6F2083E}.Release|Any CPU.ActiveCfg = Release|Any CPU
		{783307B9-5243-4DD2-A2C6-5F57F6F2083E}.Release|Any CPU.Build.0 = Release|Any CPU
		{F0937293-2152-462C-8782-425EEE4270F8}.Debug|Any CPU.ActiveCfg = Debug|Any CPU
		{F0937293-2152-462C-8782-425EEE4270F8}.Debug|Any CPU.Build.0 = Debug|Any CPU
		{F0937293-2152-462C-8782-425EEE4270F8}.Release|Any CPU.ActiveCfg = Release|Any CPU
		{F0937293-2152-462C-8782-425EEE4270F8}.Release|Any CPU.Build.0 = Release|Any CPU
		{1253F7B2-F8EA-42ED-B75D-0DCE336B7FDA}.Debug|Any CPU.ActiveCfg = Debug|Any CPU
		{1253F7B2-F8EA-42ED-B75D-0DCE336B7FDA}.Debug|Any CPU.Build.0 = Debug|Any CPU
		{1253F7B2-F8EA-42ED-B75D-0DCE336B7FDA}.Release|Any CPU.ActiveCfg = Release|Any CPU
		{1253F7B2-F8EA-42ED-B75D-0DCE336B7FDA}.Release|Any CPU.Build.0 = Release|Any CPU
		{9483874A-FEE3-4261-8CCA-6E2776098D52}.Debug|Any CPU.ActiveCfg = Debug|Any CPU
		{9483874A-FEE3-4261-8CCA-6E2776098D52}.Debug|Any CPU.Build.0 = Debug|Any CPU
		{9483874A-FEE3-4261-8CCA-6E2776098D52}.Release|Any CPU.ActiveCfg = Release|Any CPU
		{9483874A-FEE3-4261-8CCA-6E2776098D52}.Release|Any CPU.Build.0 = Release|Any CPU
	EndGlobalSection
	GlobalSection(SolutionProperties) = preSolution
		HideSolutionNode = FALSE
	EndGlobalSection
	GlobalSection(NestedProjects) = preSolution
		{648E4117-70DA-4BF8-B997-65A52D17F042} = {B86139A0-787B-4BEE-8E6D-7D55B1D9A8A4}
		{C9C4981D-40D5-44FA-A22E-8FEB3DC42145} = {B86139A0-787B-4BEE-8E6D-7D55B1D9A8A4}
		{63E67CC2-3BE4-4629-8566-5EDF3DDB3CE1} = {C9C4981D-40D5-44FA-A22E-8FEB3DC42145}
		{045E6259-515D-4FED-9A83-344A80C8F528} = {C9C4981D-40D5-44FA-A22E-8FEB3DC42145}
		{CC5ED624-FD74-4435-98AD-79DDDC8370F9} = {C9C4981D-40D5-44FA-A22E-8FEB3DC42145}
		{A50943E1-C64F-4F4A-BB78-EA0C39620218} = {C9C4981D-40D5-44FA-A22E-8FEB3DC42145}
		{294E2435-E8F3-4F76-931F-681672B0BDC1} = {C9C4981D-40D5-44FA-A22E-8FEB3DC42145}
		{5CFE8BF0-B771-4046-8C21-9C4F366197E5} = {648E4117-70DA-4BF8-B997-65A52D17F042}
		{072BA35D-4C74-4D88-A449-DD9849C619A0} = {648E4117-70DA-4BF8-B997-65A52D17F042}
		{783307B9-5243-4DD2-A2C6-5F57F6F2083E} = {648E4117-70DA-4BF8-B997-65A52D17F042}
		{F0937293-2152-462C-8782-425EEE4270F8} = {648E4117-70DA-4BF8-B997-65A52D17F042}
		{1253F7B2-F8EA-42ED-B75D-0DCE336B7FDA} = {648E4117-70DA-4BF8-B997-65A52D17F042}
		{9483874A-FEE3-4261-8CCA-6E2776098D52} = {648E4117-70DA-4BF8-B997-65A52D17F042}
	EndGlobalSection
	GlobalSection(ExtensibilityGlobals) = postSolution
		SolutionGuid = {F7E17803-A6A2-4BD8-8368-2A155B2823CE}
	EndGlobalSection
EndGlobal
