
Microsoft Visual Studio Solution File, Format Version 12.00
# Visual Studio Version 17
VisualStudioVersion = 17.8.34601.278
MinimumVisualStudioVersion = 10.0.40219.1
Project("{9A19103F-16F7-4668-BE54-9A1E7A4F7556}") = "ReferenceTypes", "ReferenceTypes\ReferenceTypes.csproj", "{E44A6246-B1B0-4973-AF2C-D15A1B191E2A}"
EndProject
Project("{9A19103F-16F7-4668-BE54-9A1E7A4F7556}") = "Consturctors", "Consturctors\Consturctors.csproj", "{1551FDBB-3935-42F9-93FE-AA6A38FC1120}"
EndProject
Project("{9A19103F-16F7-4668-BE54-9A1E7A4F7556}") = "Interfaces", "Interfaces\Interfaces.csproj", "{269D2386-1112-4ACD-B079-603D8C2AA9C0}"
EndProject
Project("{FAE04EC0-301F-11D3-BF4B-00C04F79EFBC}") = "Generics", "Generics\Generics.csproj", "{A17C33B3-1E9A-41D9-B3FD-7D87A65E7AB3}"
EndProject
Project("{FAE04EC0-301F-11D3-BF4B-00C04F79EFBC}") = "LinqProject", "LinqProject\LinqProject.csproj", "{C8738DDC-ACEB-4067-B366-3609B1889D1E}"
EndProject
Global
	GlobalSection(SolutionConfigurationPlatforms) = preSolution
		Debug|Any CPU = Debug|Any CPU
		Release|Any CPU = Release|Any CPU
	EndGlobalSection
	GlobalSection(ProjectConfigurationPlatforms) = postSolution
		{E44A6246-B1B0-4973-AF2C-D15A1B191E2A}.Debug|Any CPU.ActiveCfg = Debug|Any CPU
		{E44A6246-B1B0-4973-AF2C-D15A1B191E2A}.Debug|Any CPU.Build.0 = Debug|Any CPU
		{E44A6246-B1B0-4973-AF2C-D15A1B191E2A}.Release|Any CPU.ActiveCfg = Release|Any CPU
		{E44A6246-B1B0-4973-AF2C-D15A1B191E2A}.Release|Any CPU.Build.0 = Release|Any CPU
		{1551FDBB-3935-42F9-93FE-AA6A38FC1120}.Debug|Any CPU.ActiveCfg = Debug|Any CPU
		{1551FDBB-3935-42F9-93FE-AA6A38FC1120}.Debug|Any CPU.Build.0 = Debug|Any CPU
		{1551FDBB-3935-42F9-93FE-AA6A38FC1120}.Release|Any CPU.ActiveCfg = Release|Any CPU
		{1551FDBB-3935-42F9-93FE-AA6A38FC1120}.Release|Any CPU.Build.0 = Release|Any CPU
		{269D2386-1112-4ACD-B079-603D8C2AA9C0}.Debug|Any CPU.ActiveCfg = Debug|Any CPU
		{269D2386-1112-4ACD-B079-603D8C2AA9C0}.Debug|Any CPU.Build.0 = Debug|Any CPU
		{269D2386-1112-4ACD-B079-603D8C2AA9C0}.Release|Any CPU.ActiveCfg = Release|Any CPU
		{269D2386-1112-4ACD-B079-603D8C2AA9C0}.Release|Any CPU.Build.0 = Release|Any CPU
		{A17C33B3-1E9A-41D9-B3FD-7D87A65E7AB3}.Debug|Any CPU.ActiveCfg = Debug|Any CPU
		{A17C33B3-1E9A-41D9-B3FD-7D87A65E7AB3}.Debug|Any CPU.Build.0 = Debug|Any CPU
		{A17C33B3-1E9A-41D9-B3FD-7D87A65E7AB3}.Release|Any CPU.ActiveCfg = Release|Any CPU
		{A17C33B3-1E9A-41D9-B3FD-7D87A65E7AB3}.Release|Any CPU.Build.0 = Release|Any CPU
		{C8738DDC-ACEB-4067-B366-3609B1889D1E}.Debug|Any CPU.ActiveCfg = Debug|Any CPU
		{C8738DDC-ACEB-4067-B366-3609B1889D1E}.Debug|Any CPU.Build.0 = Debug|Any CPU
		{C8738DDC-ACEB-4067-B366-3609B1889D1E}.Release|Any CPU.ActiveCfg = Release|Any CPU
		{C8738DDC-ACEB-4067-B366-3609B1889D1E}.Release|Any CPU.Build.0 = Release|Any CPU
	EndGlobalSection
	GlobalSection(SolutionProperties) = preSolution
		HideSolutionNode = FALSE
	EndGlobalSection
	GlobalSection(ExtensibilityGlobals) = postSolution
		SolutionGuid = {DDFED222-904E-47A5-90C2-A1342EEC0E82}
	EndGlobalSection
EndGlobal
